// !$*UTF8*$!
{
	archiveVersion = 1;
	classes = {
	};
	objectVersion = 54;
	objects = {

/* Begin PBXBuildFile section */
		6929090F24D40A51005FFA8F /* MapManager.swift in Sources */ = {isa = PBXBuildFile; fileRef = 6929090E24D40A51005FFA8F /* MapManager.swift */; };
		6932A66A24A0D23300A9501C /* AppDelegate.swift in Sources */ = {isa = PBXBuildFile; fileRef = 6932A66924A0D23300A9501C /* AppDelegate.swift */; };
		6932A66C24A0D23300A9501C /* SceneDelegate.swift in Sources */ = {isa = PBXBuildFile; fileRef = 6932A66B24A0D23300A9501C /* SceneDelegate.swift */; };
		6932A67124A0D23300A9501C /* Main.storyboard in Resources */ = {isa = PBXBuildFile; fileRef = 6932A66F24A0D23300A9501C /* Main.storyboard */; };
		6932A67324A0D23400A9501C /* Assets.xcassets in Resources */ = {isa = PBXBuildFile; fileRef = 6932A67224A0D23400A9501C /* Assets.xcassets */; };
		6932A67624A0D23400A9501C /* LaunchScreen.storyboard in Resources */ = {isa = PBXBuildFile; fileRef = 6932A67424A0D23400A9501C /* LaunchScreen.storyboard */; };
		6932A67E24A0D64000A9501C /* MainVC.swift in Sources */ = {isa = PBXBuildFile; fileRef = 6932A67D24A0D64000A9501C /* MainVC.swift */; };
		6933BCA424B70F1400E9156C /* StorageManager.swift in Sources */ = {isa = PBXBuildFile; fileRef = 6933BCA324B70F1400E9156C /* StorageManager.swift */; };
		6939402F24A62C9000295029 /* CustomCell.swift in Sources */ = {isa = PBXBuildFile; fileRef = 6939402E24A62C8F00295029 /* CustomCell.swift */; };
		6939403124A635A400295029 /* Place.swift in Sources */ = {isa = PBXBuildFile; fileRef = 6939403024A635A400295029 /* Place.swift */; };
		6939403324A6482A00295029 /* NewPlaceVC.swift in Sources */ = {isa = PBXBuildFile; fileRef = 6939403224A6482A00295029 /* NewPlaceVC.swift */; };
		6994579024CEA1D700462044 /* MapVC.swift in Sources */ = {isa = PBXBuildFile; fileRef = 6994578F24CEA1D700462044 /* MapVC.swift */; };
		6994579424CEBAEB00462044 /* MapKit.framework in Frameworks */ = {isa = PBXBuildFile; fileRef = 6994579324CEBAEB00462044 /* MapKit.framework */; };
		69A5A77524CC14EC00C78069 /* RatingControl.swift in Sources */ = {isa = PBXBuildFile; fileRef = 69A5A77424CC14EC00C78069 /* RatingControl.swift */; };
		69B55F4F2C10C05E0077584C /* Place.xcdatamodeld in Sources */ = {isa = PBXBuildFile; fileRef = 69B55F4D2C10C05E0077584C /* Place.xcdatamodeld */; };
/* End PBXBuildFile section */

/* Begin PBXFileReference section */
		6929090E24D40A51005FFA8F /* MapManager.swift */ = {isa = PBXFileReference; lastKnownFileType = sourcecode.swift; path = MapManager.swift; sourceTree = "<group>"; };
		6932A66624A0D23300A9501C /* MyPlaces.app */ = {isa = PBXFileReference; explicitFileType = wrapper.application; includeInIndex = 0; path = MyPlaces.app; sourceTree = BUILT_PRODUCTS_DIR; };
		6932A66924A0D23300A9501C /* AppDelegate.swift */ = {isa = PBXFileReference; lastKnownFileType = sourcecode.swift; path = AppDelegate.swift; sourceTree = "<group>"; };
		6932A66B24A0D23300A9501C /* SceneDelegate.swift */ = {isa = PBXFileReference; lastKnownFileType = sourcecode.swift; path = SceneDelegate.swift; sourceTree = "<group>"; };
		6932A67024A0D23300A9501C /* Base */ = {isa = PBXFileReference; lastKnownFileType = file.storyboard; name = Base; path = Base.lproj/Main.storyboard; sourceTree = "<group>"; };
		6932A67224A0D23400A9501C /* Assets.xcassets */ = {isa = PBXFileReference; lastKnownFileType = folder.assetcatalog; path = Assets.xcassets; sourceTree = "<group>"; };
		6932A67524A0D23400A9501C /* Base */ = {isa = PBXFileReference; lastKnownFileType = file.storyboard; name = Base; path = Base.lproj/LaunchScreen.storyboard; sourceTree = "<group>"; };
		6932A67724A0D23400A9501C /* Info.plist */ = {isa = PBXFileReference; lastKnownFileType = text.plist.xml; path = Info.plist; sourceTree = "<group>"; };
		6932A67D24A0D64000A9501C /* MainVC.swift */ = {isa = PBXFileReference; lastKnownFileType = sourcecode.swift; path = MainVC.swift; sourceTree = "<group>"; };
		6933BCA324B70F1400E9156C /* StorageManager.swift */ = {isa = PBXFileReference; lastKnownFileType = sourcecode.swift; path = StorageManager.swift; sourceTree = "<group>"; };
		6939402E24A62C8F00295029 /* CustomCell.swift */ = {isa = PBXFileReference; lastKnownFileType = sourcecode.swift; path = CustomCell.swift; sourceTree = "<group>"; };
		6939403024A635A400295029 /* Place.swift */ = {isa = PBXFileReference; lastKnownFileType = sourcecode.swift; path = Place.swift; sourceTree = "<group>"; };
		6939403224A6482A00295029 /* NewPlaceVC.swift */ = {isa = PBXFileReference; lastKnownFileType = sourcecode.swift; path = NewPlaceVC.swift; sourceTree = "<group>"; };
		6994578F24CEA1D700462044 /* MapVC.swift */ = {isa = PBXFileReference; lastKnownFileType = sourcecode.swift; path = MapVC.swift; sourceTree = "<group>"; };
		6994579324CEBAEB00462044 /* MapKit.framework */ = {isa = PBXFileReference; lastKnownFileType = wrapper.framework; name = MapKit.framework; path = System/Library/Frameworks/MapKit.framework; sourceTree = SDKROOT; };
		69A5A77424CC14EC00C78069 /* RatingControl.swift */ = {isa = PBXFileReference; lastKnownFileType = sourcecode.swift; path = RatingControl.swift; sourceTree = "<group>"; };
		69B55F4E2C10C05E0077584C /* Place.xcdatamodel */ = {isa = PBXFileReference; lastKnownFileType = wrapper.xcdatamodel; path = Place.xcdatamodel; sourceTree = "<group>"; };
/* End PBXFileReference section */

/* Begin PBXFrameworksBuildPhase section */
		6932A66324A0D23300A9501C /* Frameworks */ = {
			isa = PBXFrameworksBuildPhase;
			buildActionMask = 2147483647;
			files = (
				6994579424CEBAEB00462044 /* MapKit.framework in Frameworks */,
			);
			runOnlyForDeploymentPostprocessing = 0;
		};
/* End PBXFrameworksBuildPhase section */

/* Begin PBXGroup section */
		66E79EEDC502FF80D7068F80 /* Frameworks */ = {
			isa = PBXGroup;
			children = (
				6994579324CEBAEB00462044 /* MapKit.framework */,
			);
			name = Frameworks;
			sourceTree = "<group>";
		};
		6929090D24D40A27005FFA8F /* Helpers */ = {
			isa = PBXGroup;
			children = (
				6933BCA324B70F1400E9156C /* StorageManager.swift */,
				69A5A77424CC14EC00C78069 /* RatingControl.swift */,
				6929090E24D40A51005FFA8F /* MapManager.swift */,
			);
			path = Helpers;
			sourceTree = "<group>";
		};
		6932A65D24A0D23200A9501C = {
			isa = PBXGroup;
			children = (
				6932A66824A0D23300A9501C /* MyPlaces */,
				69B55F4D2C10C05E0077584C /* Place.xcdatamodeld */,
				6932A66724A0D23300A9501C /* Products */,
				66E79EEDC502FF80D7068F80 /* Frameworks */,
			);
			sourceTree = "<group>";
		};
		6932A66724A0D23300A9501C /* Products */ = {
			isa = PBXGroup;
			children = (
				6932A66624A0D23300A9501C /* MyPlaces.app */,
			);
			name = Products;
			sourceTree = "<group>";
		};
		6932A66824A0D23300A9501C /* MyPlaces */ = {
			isa = PBXGroup;
			children = (
				6934BDC524A5FADE0086256C /* Models */,
				6934BDC624A5FAE80086256C /* Views */,
				6934BDC424A5FAD30086256C /* Controllers */,
				6929090D24D40A27005FFA8F /* Helpers */,
				6934BDC724A5FAF30086256C /* Resources */,
				6934BDC324A5FAB40086256C /* Supporting Files */,
			);
			path = MyPlaces;
			sourceTree = "<group>";
		};
		6934BDC324A5FAB40086256C /* Supporting Files */ = {
			isa = PBXGroup;
			children = (
				6932A66924A0D23300A9501C /* AppDelegate.swift */,
				6932A66B24A0D23300A9501C /* SceneDelegate.swift */,
				6932A67724A0D23400A9501C /* Info.plist */,
			);
			path = "Supporting Files";
			sourceTree = "<group>";
		};
		6934BDC424A5FAD30086256C /* Controllers */ = {
			isa = PBXGroup;
			children = (
				6932A67D24A0D64000A9501C /* MainVC.swift */,
				6939402E24A62C8F00295029 /* CustomCell.swift */,
				6939403224A6482A00295029 /* NewPlaceVC.swift */,
				6994578F24CEA1D700462044 /* MapVC.swift */,
			);
			path = Controllers;
			sourceTree = "<group>";
		};
		6934BDC524A5FADE0086256C /* Models */ = {
			isa = PBXGroup;
			children = (
				6939403024A635A400295029 /* Place.swift */,
			);
			path = Models;
			sourceTree = "<group>";
		};
		6934BDC624A5FAE80086256C /* Views */ = {
			isa = PBXGroup;
			children = (
				6932A66F24A0D23300A9501C /* Main.storyboard */,
				6932A67424A0D23400A9501C /* LaunchScreen.storyboard */,
			);
			path = Views;
			sourceTree = "<group>";
		};
		6934BDC724A5FAF30086256C /* Resources */ = {
			isa = PBXGroup;
			children = (
				6932A67224A0D23400A9501C /* Assets.xcassets */,
			);
			path = Resources;
			sourceTree = "<group>";
		};
/* End PBXGroup section */

/* Begin PBXNativeTarget section */
		6932A66524A0D23300A9501C /* MyPlaces */ = {
			isa = PBXNativeTarget;
			buildConfigurationList = 6932A67A24A0D23400A9501C /* Build configuration list for PBXNativeTarget "MyPlaces" */;
			buildPhases = (
				6932A66224A0D23300A9501C /* Sources */,
				6932A66324A0D23300A9501C /* Frameworks */,
				6932A66424A0D23300A9501C /* Resources */,
			);
			buildRules = (
			);
			dependencies = (
			);
			name = MyPlaces;
			productName = MyPlaces;
			productReference = 6932A66624A0D23300A9501C /* MyPlaces.app */;
			productType = "com.apple.product-type.application";
		};
/* End PBXNativeTarget section */

/* Begin PBXProject section */
		6932A65E24A0D23200A9501C /* Project object */ = {
			isa = PBXProject;
			attributes = {
				BuildIndependentTargetsInParallel = YES;
				LastSwiftUpdateCheck = 1150;
				LastUpgradeCheck = 1540;
				ORGANIZATIONNAME = "Denis Abramov";
				TargetAttributes = {
					6932A66524A0D23300A9501C = {
						CreatedOnToolsVersion = 11.5;
					};
				};
			};
			buildConfigurationList = 6932A66124A0D23200A9501C /* Build configuration list for PBXProject "MyPlaces" */;
			compatibilityVersion = "Xcode 9.3";
			developmentRegion = en;
			hasScannedForEncodings = 0;
			knownRegions = (
				en,
				Base,
			);
			mainGroup = 6932A65D24A0D23200A9501C;
			productRefGroup = 6932A66724A0D23300A9501C /* Products */;
			projectDirPath = "";
			projectRoot = "";
			targets = (
				6932A66524A0D23300A9501C /* MyPlaces */,
			);
		};
/* End PBXProject section */

/* Begin PBXResourcesBuildPhase section */
		6932A66424A0D23300A9501C /* Resources */ = {
			isa = PBXResourcesBuildPhase;
			buildActionMask = 2147483647;
			files = (
				6932A67624A0D23400A9501C /* LaunchScreen.storyboard in Resources */,
				6932A67324A0D23400A9501C /* Assets.xcassets in Resources */,
				6932A67124A0D23300A9501C /* Main.storyboard in Resources */,
			);
			runOnlyForDeploymentPostprocessing = 0;
		};
/* End PBXResourcesBuildPhase section */

/* Begin PBXSourcesBuildPhase section */
		6932A66224A0D23300A9501C /* Sources */ = {
			isa = PBXSourcesBuildPhase;
			buildActionMask = 2147483647;
			files = (
				6932A66A24A0D23300A9501C /* AppDelegate.swift in Sources */,
				6932A67E24A0D64000A9501C /* MainVC.swift in Sources */,
				6939402F24A62C9000295029 /* CustomCell.swift in Sources */,
				6933BCA424B70F1400E9156C /* StorageManager.swift in Sources */,
				69A5A77524CC14EC00C78069 /* RatingControl.swift in Sources */,
				6939403324A6482A00295029 /* NewPlaceVC.swift in Sources */,
				6929090F24D40A51005FFA8F /* MapManager.swift in Sources */,
				6932A66C24A0D23300A9501C /* SceneDelegate.swift in Sources */,
				6994579024CEA1D700462044 /* MapVC.swift in Sources */,
				6939403124A635A400295029 /* Place.swift in Sources */,
				69B55F4F2C10C05E0077584C /* Place.xcdatamodeld in Sources */,
			);
			runOnlyForDeploymentPostprocessing = 0;
		};
/* End PBXSourcesBuildPhase section */

/* Begin PBXVariantGroup section */
		6932A66F24A0D23300A9501C /* Main.storyboard */ = {
			isa = PBXVariantGroup;
			children = (
				6932A67024A0D23300A9501C /* Base */,
			);
			name = Main.storyboard;
			sourceTree = "<group>";
		};
		6932A67424A0D23400A9501C /* LaunchScreen.storyboard */ = {
			isa = PBXVariantGroup;
			children = (
				6932A67524A0D23400A9501C /* Base */,
			);
			name = LaunchScreen.storyboard;
			sourceTree = "<group>";
		};
/* End PBXVariantGroup section */

/* Begin XCBuildConfiguration section */
		6932A67824A0D23400A9501C /* Debug */ = {
			isa = XCBuildConfiguration;
			buildSettings = {
				ALWAYS_SEARCH_USER_PATHS = NO;
				CLANG_ANALYZER_NONNULL = YES;
				CLANG_ANALYZER_NUMBER_OBJECT_CONVERSION = YES_AGGRESSIVE;
				CLANG_CXX_LANGUAGE_STANDARD = "gnu++14";
				CLANG_CXX_LIBRARY = "libc++";
				CLANG_ENABLE_MODULES = YES;
				CLANG_ENABLE_OBJC_ARC = YES;
				CLANG_ENABLE_OBJC_WEAK = YES;
				CLANG_WARN_BLOCK_CAPTURE_AUTORELEASING = YES;
				CLANG_WARN_BOOL_CONVERSION = YES;
				CLANG_WARN_COMMA = YES;
				CLANG_WARN_CONSTANT_CONVERSION = YES;
				CLANG_WARN_DEPRECATED_OBJC_IMPLEMENTATIONS = YES;
				CLANG_WARN_DIRECT_OBJC_ISA_USAGE = YES_ERROR;
				CLANG_WARN_DOCUMENTATION_COMMENTS = YES;
				CLANG_WARN_EMPTY_BODY = YES;
				CLANG_WARN_ENUM_CONVERSION = YES;
				CLANG_WARN_INFINITE_RECURSION = YES;
				CLANG_WARN_INT_CONVERSION = YES;
				CLANG_WARN_NON_LITERAL_NULL_CONVERSION = YES;
				CLANG_WARN_OBJC_IMPLICIT_RETAIN_SELF = YES;
				CLANG_WARN_OBJC_LITERAL_CONVERSION = YES;
				CLANG_WARN_OBJC_ROOT_CLASS = YES_ERROR;
				CLANG_WARN_QUOTED_INCLUDE_IN_FRAMEWORK_HEADER = YES;
				CLANG_WARN_RANGE_LOOP_ANALYSIS = YES;
				CLANG_WARN_STRICT_PROTOTYPES = YES;
				CLANG_WARN_SUSPICIOUS_MOVE = YES;
				CLANG_WARN_UNGUARDED_AVAILABILITY = YES_AGGRESSIVE;
				CLANG_WARN_UNREACHABLE_CODE = YES;
				CLANG_WARN__DUPLICATE_METHOD_MATCH = YES;
				COPY_PHASE_STRIP = NO;
				DEBUG_INFORMATION_FORMAT = dwarf;
				ENABLE_STRICT_OBJC_MSGSEND = YES;
				ENABLE_TESTABILITY = YES;
				ENABLE_USER_SCRIPT_SANDBOXING = YES;
				GCC_C_LANGUAGE_STANDARD = gnu11;
				GCC_DYNAMIC_NO_PIC = NO;
				GCC_NO_COMMON_BLOCKS = YES;
				GCC_OPTIMIZATION_LEVEL = 0;
				GCC_PREPROCESSOR_DEFINITIONS = (
					"DEBUG=1",
					"$(inherited)",
				);
				GCC_WARN_64_TO_32_BIT_CONVERSION = YES;
				GCC_WARN_ABOUT_RETURN_TYPE = YES_ERROR;
				GCC_WARN_UNDECLARED_SELECTOR = YES;
				GCC_WARN_UNINITIALIZED_AUTOS = YES_AGGRESSIVE;
				GCC_WARN_UNUSED_FUNCTION = YES;
				GCC_WARN_UNUSED_VARIABLE = YES;
				IPHONEOS_DEPLOYMENT_TARGET = 13.5;
				MTL_ENABLE_DEBUG_INFO = INCLUDE_SOURCE;
				MTL_FAST_MATH = YES;
				ONLY_ACTIVE_ARCH = YES;
				SDKROOT = iphoneos;
				SWIFT_ACTIVE_COMPILATION_CONDITIONS = DEBUG;
				SWIFT_OPTIMIZATION_LEVEL = "-Onone";
			};
			name = Debug;
		};
		6932A67924A0D23400A9501C /* Release */ = {
			isa = XCBuildConfiguration;
			buildSettings = {
				ALWAYS_SEARCH_USER_PATHS = NO;
				CLANG_ANALYZER_NONNULL = YES;
				CLANG_ANALYZER_NUMBER_OBJECT_CONVERSION = YES_AGGRESSIVE;
				CLANG_CXX_LANGUAGE_STANDARD = "gnu++14";
				CLANG_CXX_LIBRARY = "libc++";
				CLANG_ENABLE_MODULES = YES;
				CLANG_ENABLE_OBJC_ARC = YES;
				CLANG_ENABLE_OBJC_WEAK = YES;
				CLANG_WARN_BLOCK_CAPTURE_AUTORELEASING = YES;
				CLANG_WARN_BOOL_CONVERSION = YES;
				CLANG_WARN_COMMA = YES;
				CLANG_WARN_CONSTANT_CONVERSION = YES;
				CLANG_WARN_DEPRECATED_OBJC_IMPLEMENTATIONS = YES;
				CLANG_WARN_DIRECT_OBJC_ISA_USAGE = YES_ERROR;
				CLANG_WARN_DOCUMENTATION_COMMENTS = YES;
				CLANG_WARN_EMPTY_BODY = YES;
				CLANG_WARN_ENUM_CONVERSION = YES;
				CLANG_WARN_INFINITE_RECURSION = YES;
				CLANG_WARN_INT_CONVERSION = YES;
				CLANG_WARN_NON_LITERAL_NULL_CONVERSION = YES;
				CLANG_WARN_OBJC_IMPLICIT_RETAIN_SELF = YES;
				CLANG_WARN_OBJC_LITERAL_CONVERSION = YES;
				CLANG_WARN_OBJC_ROOT_CLASS = YES_ERROR;
				CLANG_WARN_QUOTED_INCLUDE_IN_FRAMEWORK_HEADER = YES;
				CLANG_WARN_RANGE_LOOP_ANALYSIS = YES;
				CLANG_WARN_STRICT_PROTOTYPES = YES;
				CLANG_WARN_SUSPICIOUS_MOVE = YES;
				CLANG_WARN_UNGUARDED_AVAILABILITY = YES_AGGRESSIVE;
				CLANG_WARN_UNREACHABLE_CODE = YES;
				CLANG_WARN__DUPLICATE_METHOD_MATCH = YES;
				COPY_PHASE_STRIP = NO;
				DEBUG_INFORMATION_FORMAT = "dwarf-with-dsym";
				ENABLE_NS_ASSERTIONS = NO;
				ENABLE_STRICT_OBJC_MSGSEND = YES;
				ENABLE_USER_SCRIPT_SANDBOXING = YES;
				GCC_C_LANGUAGE_STANDARD = gnu11;
				GCC_NO_COMMON_BLOCKS = YES;
				GCC_WARN_64_TO_32_BIT_CONVERSION = YES;
				GCC_WARN_ABOUT_RETURN_TYPE = YES_ERROR;
				GCC_WARN_UNDECLARED_SELECTOR = YES;
				GCC_WARN_UNINITIALIZED_AUTOS = YES_AGGRESSIVE;
				GCC_WARN_UNUSED_FUNCTION = YES;
				GCC_WARN_UNUSED_VARIABLE = YES;
				IPHONEOS_DEPLOYMENT_TARGET = 13.5;
				MTL_ENABLE_DEBUG_INFO = NO;
				MTL_FAST_MATH = YES;
				SDKROOT = iphoneos;
				SWIFT_COMPILATION_MODE = wholemodule;
				SWIFT_OPTIMIZATION_LEVEL = "-O";
				VALIDATE_PRODUCT = YES;
			};
			name = Release;
		};
		6932A67B24A0D23400A9501C /* Debug */ = {
			isa = XCBuildConfiguration;
			buildSettings = {
				ASSETCATALOG_COMPILER_APPICON_NAME = appIcon;
				CODE_SIGN_STYLE = Automatic;
				DEVELOPMENT_TEAM = XJN9TW8RPS;
				INFOPLIST_FILE = "$(SRCROOT)/MyPlaces/Supporting Files/Info.plist";
				LD_RUNPATH_SEARCH_PATHS = (
					"$(inherited)",
					"@executable_path/Frameworks",
				);
				PRODUCT_BUNDLE_IDENTIFIER = "Denis-Abramov.MyPlaces";
				PRODUCT_NAME = "$(TARGET_NAME)";
				SWIFT_VERSION = 5.0;
				TARGETED_DEVICE_FAMILY = "1,2";
			};
			name = Debug;
		};
		6932A67C24A0D23400A9501C /* Release */ = {
			isa = XCBuildConfiguration;
			buildSettings = {
				ASSETCATALOG_COMPILER_APPICON_NAME = appIcon;
				CODE_SIGN_STYLE = Automatic;
				DEVELOPMENT_TEAM = XJN9TW8RPS;
				INFOPLIST_FILE = "$(SRCROOT)/MyPlaces/Supporting Files/Info.plist";
				LD_RUNPATH_SEARCH_PATHS = (
					"$(inherited)",
					"@executable_path/Frameworks",
				);
				PRODUCT_BUNDLE_IDENTIFIER = "Denis-Abramov.MyPlaces";
				PRODUCT_NAME = "$(TARGET_NAME)";
				SWIFT_VERSION = 5.0;
				TARGETED_DEVICE_FAMILY = "1,2";
			};
			name = Release;
		};
/* End XCBuildConfiguration section */

/* Begin XCConfigurationList section */
		6932A66124A0D23200A9501C /* Build configuration list for PBXProject "MyPlaces" */ = {
			isa = XCConfigurationList;
			buildConfigurations = (
				6932A67824A0D23400A9501C /* Debug */,
				6932A67924A0D23400A9501C /* Release */,
			);
			defaultConfigurationIsVisible = 0;
			defaultConfigurationName = Release;
		};
		6932A67A24A0D23400A9501C /* Build configuration list for PBXNativeTarget "MyPlaces" */ = {
			isa = XCConfigurationList;
			buildConfigurations = (
				6932A67B24A0D23400A9501C /* Debug */,
				6932A67C24A0D23400A9501C /* Release */,
			);
			defaultConfigurationIsVisible = 0;
			defaultConfigurationName = Release;
		};
/* End XCConfigurationList section */

/* Begin XCVersionGroup section */
		69B55F4D2C10C05E0077584C /* Place.xcdatamodeld */ = {
			isa = XCVersionGroup;
			children = (
				69B55F4E2C10C05E0077584C /* Place.xcdatamodel */,
			);
			currentVersion = 69B55F4E2C10C05E0077584C /* Place.xcdatamodel */;
			name = Place.xcdatamodeld;
			path = /Volumes/M2/iOS/Github/MyPlaces/Place.xcdatamodeld;
			sourceTree = "<group>";
			versionGroupType = wrapper.xcdatamodel;
		};
/* End XCVersionGroup section */
	};
	rootObject = 6932A65E24A0D23200A9501C /* Project object */;
}
